{
  "originHash" : "85050b4c86bb4bbfaaad5ea176bf85964e72a0d85e9879a7b95a1d7cdae04905",
  "pins" : [
    {
      "identity" : "mpvkit",
      "kind" : "remoteSourceControl",
      "location" : "https://github.com/Drvolks/MPVKit",
      "state" : {
        "revision" : "908481df229c47bde9c7558d0f863363e7e4d27f",
        "version" : "0.41.0-drvolks.3"
      }
    }
  ],
  "version" : 3
}
