{
  "originHash" : "85050b4c86bb4bbfaaad5ea176bf85964e72a0d85e9879a7b95a1d7cdae04905",
  "pins" : [
    {
      "identity" : "mpvkit",
      "kind" : "remoteSourceControl",
      "location" : "https://github.com/Drvolks/MPVKit",
      "state" : {
        "revision" : "226c754ea1f7c2c73a63c90f64f9fbec4d6c8732",
        "version" : "0.41.0-drvolks.8"
      }
    }
  ],
  "version" : 3
}
