{
  "originHash" : "85050b4c86bb4bbfaaad5ea176bf85964e72a0d85e9879a7b95a1d7cdae04905",
  "pins" : [
    {
      "identity" : "mpvkit",
      "kind" : "remoteSourceControl",
      "location" : "https://github.com/Drvolks/MPVKit",
      "state" : {
        "revision" : "6d7b5132dabd3a29b327bdaaecb94618488f2207",
        "version" : "0.41.0-drvolks.1"
      }
    }
  ],
  "version" : 3
}
