// !$*UTF8*$!
{
	archiveVersion = 1;
	classes = {
	};
	objectVersion = 77;
	objects = {

/* Begin PBXBuildFile section */
		6E9E3CF02F31559900D2B8DF /* MPVKit in Frameworks */ = {isa = PBXBuildFile; productRef = 6E9E3CEF2F31559900D2B8DF /* MPVKit */; };
		6EA347F62F48EF9C00E0A324 /* TVServices.framework in Frameworks */ = {isa = PBXBuildFile; fileRef = 6EA347F52F48EF9C00E0A324 /* TVServices.framework */; };
		6EA347FD2F48EF9D00E0A324 /* NexusPVR TopShelf.appex in Embed Foundation Extensions */ = {isa = PBXBuildFile; fileRef = 6EA347F32F48EF9C00E0A324 /* NexusPVR TopShelf.appex */; platformFilters = (tvos, ); settings = {ATTRIBUTES = (RemoveHeadersOnCopy, ); }; };
		6EA348082F48EFB600E0A324 /* TVServices.framework in Frameworks */ = {isa = PBXBuildFile; fileRef = 6EA347F52F48EF9C00E0A324 /* TVServices.framework */; };
		6EA3480F2F48EFB600E0A324 /* DispatcherPVR TopShelf.appex in Embed Foundation Extensions */ = {isa = PBXBuildFile; fileRef = 6EA348072F48EFB600E0A324 /* DispatcherPVR TopShelf.appex */; platformFilters = (tvos, ); settings = {ATTRIBUTES = (RemoveHeadersOnCopy, ); }; };
		D1AAAA0A2F31559900D2B8DF /* MPVKit in Frameworks */ = {isa = PBXBuildFile; productRef = D1AAAA0B2F31559900D2B8DF /* MPVKit */; };
/* End PBXBuildFile section */

/* Begin PBXContainerItemProxy section */
		6E74159C2F315369001FE083 /* PBXContainerItemProxy */ = {
			isa = PBXContainerItemProxy;
			containerPortal = 6E7415842F315368001FE083 /* Project object */;
			proxyType = 1;
			remoteGlobalIDString = 6E74158B2F315368001FE083;
			remoteInfo = NexusPVR;
		};
		6E7415A62F315369001FE083 /* PBXContainerItemProxy */ = {
			isa = PBXContainerItemProxy;
			containerPortal = 6E7415842F315368001FE083 /* Project object */;
			proxyType = 1;
			remoteGlobalIDString = 6E74158B2F315368001FE083;
			remoteInfo = NexusPVR;
		};
		6EA347FB2F48EF9C00E0A324 /* PBXContainerItemProxy */ = {
			isa = PBXContainerItemProxy;
			containerPortal = 6E7415842F315368001FE083 /* Project object */;
			proxyType = 1;
			remoteGlobalIDString = 6EA347F22F48EF9C00E0A324;
			remoteInfo = "NexusPVR TopShelf";
		};
		6EA3480D2F48EFB600E0A324 /* PBXContainerItemProxy */ = {
			isa = PBXContainerItemProxy;
			containerPortal = 6E7415842F315368001FE083 /* Project object */;
			proxyType = 1;
			remoteGlobalIDString = 6EA348062F48EFB600E0A324;
			remoteInfo = "DispatcherPVR TopShelf";
		};
/* End PBXContainerItemProxy section */

/* Begin PBXCopyFilesBuildPhase section */
		6EA348022F48EF9D00E0A324 /* Embed Foundation Extensions */ = {
			isa = PBXCopyFilesBuildPhase;
			buildActionMask = 2147483647;
			dstPath = "";
			dstSubfolderSpec = 13;
			files = (
				6EA347FD2F48EF9D00E0A324 /* NexusPVR TopShelf.appex in Embed Foundation Extensions */,
			);
			name = "Embed Foundation Extensions";
			runOnlyForDeploymentPostprocessing = 0;
		};
		6EA348142F48EFB600E0A324 /* Embed Foundation Extensions */ = {
			isa = PBXCopyFilesBuildPhase;
			buildActionMask = 2147483647;
			dstPath = "";
			dstSubfolderSpec = 13;
			files = (
				6EA3480F2F48EFB600E0A324 /* DispatcherPVR TopShelf.appex in Embed Foundation Extensions */,
			);
			name = "Embed Foundation Extensions";
			runOnlyForDeploymentPostprocessing = 0;
		};
/* End PBXCopyFilesBuildPhase section */

/* Begin PBXFileReference section */
		6E74158C2F315368001FE083 /* NexusPVR.app */ = {isa = PBXFileReference; explicitFileType = wrapper.application; includeInIndex = 0; path = NexusPVR.app; sourceTree = BUILT_PRODUCTS_DIR; };
		6E74159B2F315369001FE083 /* NexusPVRTests.xctest */ = {isa = PBXFileReference; explicitFileType = wrapper.cfbundle; includeInIndex = 0; path = NexusPVRTests.xctest; sourceTree = BUILT_PRODUCTS_DIR; };
		6E7415A52F315369001FE083 /* NexusPVRUITests.xctest */ = {isa = PBXFileReference; explicitFileType = wrapper.cfbundle; includeInIndex = 0; path = NexusPVRUITests.xctest; sourceTree = BUILT_PRODUCTS_DIR; };
		6EA347F32F48EF9C00E0A324 /* NexusPVR TopShelf.appex */ = {isa = PBXFileReference; explicitFileType = "wrapper.app-extension"; includeInIndex = 0; path = "NexusPVR TopShelf.appex"; sourceTree = BUILT_PRODUCTS_DIR; };
		6EA347F52F48EF9C00E0A324 /* TVServices.framework */ = {isa = PBXFileReference; lastKnownFileType = wrapper.framework; name = TVServices.framework; path = Library/Frameworks/TVServices.framework; sourceTree = DEVELOPER_DIR; };
		6EA348072F48EFB600E0A324 /* DispatcherPVR TopShelf.appex */ = {isa = PBXFileReference; explicitFileType = "wrapper.app-extension"; includeInIndex = 0; path = "DispatcherPVR TopShelf.appex"; sourceTree = BUILT_PRODUCTS_DIR; };
		D1AAAA012F31559900D2B8DF /* DispatcherPVR.app */ = {isa = PBXFileReference; explicitFileType = wrapper.application; includeInIndex = 0; path = DispatcherPVR.app; sourceTree = BUILT_PRODUCTS_DIR; };
/* End PBXFileReference section */

/* Begin PBXFileSystemSynchronizedBuildFileExceptionSet section */
		6EA347FE2F48EF9D00E0A324 /* Exceptions for "NexusPVR TopShelf" folder in "NexusPVR TopShelf" target */ = {
			isa = PBXFileSystemSynchronizedBuildFileExceptionSet;
			membershipExceptions = (
				Info.plist,
			);
			target = 6EA347F22F48EF9C00E0A324 /* NexusPVR TopShelf */;
		};
		6EA348132F48EFB600E0A324 /* Exceptions for "DispatcherPVR TopShelf" folder in "DispatcherPVR TopShelf" target */ = {
			isa = PBXFileSystemSynchronizedBuildFileExceptionSet;
			membershipExceptions = (
				Info.plist,
			);
			target = 6EA348062F48EFB600E0A324 /* DispatcherPVR TopShelf */;
		};
		6EA348182F48F04500E0A324 /* Exceptions for "NexusPVR" folder in "NexusPVR TopShelf" target */ = {
			isa = PBXFileSystemSynchronizedBuildFileExceptionSet;
			membershipExceptions = (
				Core/BrandConfig.swift,
				Core/DispatcherPVRBrand.swift,
				Core/Models/Channel.swift,
				Core/Models/Program.swift,
				Core/Models/Recording.swift,
				Core/Models/Session.swift,
				Core/Models/UserPreferences.swift,
				Core/Models/WatchHistory.swift,
				Core/NexusPVRBrand.swift,
				Core/Services/LiveProgramFetcher.swift,
				Core/Services/RecordingFetcher.swift,
				Design/SportIcon.swift,
				Design/Theme.swift,
			);
			target = 6EA347F22F48EF9C00E0A324 /* NexusPVR TopShelf */;
		};
		6EA348192F48F04500E0A324 /* Exceptions for "NexusPVR" folder in "DispatcherPVR TopShelf" target */ = {
			isa = PBXFileSystemSynchronizedBuildFileExceptionSet;
			membershipExceptions = (
				Core/BrandConfig.swift,
				Core/DispatcherPVRBrand.swift,
				Core/Models/Channel.swift,
				Core/Models/Program.swift,
				Core/Models/Recording.swift,
				Core/Models/Session.swift,
				Core/Models/UserPreferences.swift,
				Core/Models/WatchHistory.swift,
				Core/NexusPVRBrand.swift,
				Core/Services/LiveProgramFetcher.swift,
				Core/Services/RecordingFetcher.swift,
				Design/SportIcon.swift,
				Design/Theme.swift,
			);
			target = 6EA348062F48EFB600E0A324 /* DispatcherPVR TopShelf */;
		};
		D1AAAA0C2F31559900D2B8DF /* Exceptions for "NexusPVR" folder in "DispatcherPVR" target */ = {
			isa = PBXFileSystemSynchronizedBuildFileExceptionSet;
			membershipExceptions = (
				Assets.xcassets,
				LaunchScreen.storyboard,
			);
			target = D1AAAA062F31559900D2B8DF /* DispatcherPVR */;
		};
/* End PBXFileSystemSynchronizedBuildFileExceptionSet section */

/* Begin PBXFileSystemSynchronizedRootGroup section */
		6E74158E2F315368001FE083 /* NexusPVR */ = {
			isa = PBXFileSystemSynchronizedRootGroup;
			exceptions = (
				D1AAAA0C2F31559900D2B8DF /* Exceptions for "NexusPVR" folder in "DispatcherPVR" target */,
				6EA348182F48F04500E0A324 /* Exceptions for "NexusPVR" folder in "NexusPVR TopShelf" target */,
				6EA348192F48F04500E0A324 /* Exceptions for "NexusPVR" folder in "DispatcherPVR TopShelf" target */,
			);
			path = NexusPVR;
			sourceTree = "<group>";
		};
		6E74159E2F315369001FE083 /* NexusPVRTests */ = {
			isa = PBXFileSystemSynchronizedRootGroup;
			path = NexusPVRTests;
			sourceTree = "<group>";
		};
		6E7415A82F315369001FE083 /* NexusPVRUITests */ = {
			isa = PBXFileSystemSynchronizedRootGroup;
			path = NexusPVRUITests;
			sourceTree = "<group>";
		};
		6EA347F72F48EF9C00E0A324 /* NexusPVR TopShelf */ = {
			isa = PBXFileSystemSynchronizedRootGroup;
			exceptions = (
				6EA347FE2F48EF9D00E0A324 /* Exceptions for "NexusPVR TopShelf" folder in "NexusPVR TopShelf" target */,
			);
			path = "NexusPVR TopShelf";
			sourceTree = "<group>";
		};
		6EA348092F48EFB600E0A324 /* DispatcherPVR TopShelf */ = {
			isa = PBXFileSystemSynchronizedRootGroup;
			exceptions = (
				6EA348132F48EFB600E0A324 /* Exceptions for "DispatcherPVR TopShelf" folder in "DispatcherPVR TopShelf" target */,
			);
			path = "DispatcherPVR TopShelf";
			sourceTree = "<group>";
		};
		D1AAAA022F31559900D2B8DF /* DispatcherPVR */ = {
			isa = PBXFileSystemSynchronizedRootGroup;
			path = DispatcherPVR;
			sourceTree = "<group>";
		};
/* End PBXFileSystemSynchronizedRootGroup section */

/* Begin PBXFrameworksBuildPhase section */
		6E7415892F315368001FE083 /* Frameworks */ = {
			isa = PBXFrameworksBuildPhase;
			buildActionMask = 2147483647;
			files = (
				6E9E3CF02F31559900D2B8DF /* MPVKit in Frameworks */,
			);
			runOnlyForDeploymentPostprocessing = 0;
		};
		6E7415982F315369001FE083 /* Frameworks */ = {
			isa = PBXFrameworksBuildPhase;
			buildActionMask = 2147483647;
			files = (
			);
			runOnlyForDeploymentPostprocessing = 0;
		};
		6E7415A22F315369001FE083 /* Frameworks */ = {
			isa = PBXFrameworksBuildPhase;
			buildActionMask = 2147483647;
			files = (
			);
			runOnlyForDeploymentPostprocessing = 0;
		};
		6EA347F02F48EF9C00E0A324 /* Frameworks */ = {
			isa = PBXFrameworksBuildPhase;
			buildActionMask = 2147483647;
			files = (
				6EA347F62F48EF9C00E0A324 /* TVServices.framework in Frameworks */,
			);
			runOnlyForDeploymentPostprocessing = 0;
		};
		6EA348042F48EFB600E0A324 /* Frameworks */ = {
			isa = PBXFrameworksBuildPhase;
			buildActionMask = 2147483647;
			files = (
				6EA348082F48EFB600E0A324 /* TVServices.framework in Frameworks */,
			);
			runOnlyForDeploymentPostprocessing = 0;
		};
		D1AAAA042F31559900D2B8DF /* Frameworks */ = {
			isa = PBXFrameworksBuildPhase;
			buildActionMask = 2147483647;
			files = (
				D1AAAA0A2F31559900D2B8DF /* MPVKit in Frameworks */,
			);
			runOnlyForDeploymentPostprocessing = 0;
		};
/* End PBXFrameworksBuildPhase section */

/* Begin PBXGroup section */
		6E7415832F315368001FE083 = {
			isa = PBXGroup;
			children = (
				6E74158E2F315368001FE083 /* NexusPVR */,
				D1AAAA022F31559900D2B8DF /* DispatcherPVR */,
				6E74159E2F315369001FE083 /* NexusPVRTests */,
				6E7415A82F315369001FE083 /* NexusPVRUITests */,
				6EA347F72F48EF9C00E0A324 /* NexusPVR TopShelf */,
				6EA348092F48EFB600E0A324 /* DispatcherPVR TopShelf */,
				6EA347F42F48EF9C00E0A324 /* Frameworks */,
				6E74158D2F315368001FE083 /* Products */,
			);
			sourceTree = "<group>";
		};
		6E74158D2F315368001FE083 /* Products */ = {
			isa = PBXGroup;
			children = (
				6E74158C2F315368001FE083 /* NexusPVR.app */,
				D1AAAA012F31559900D2B8DF /* DispatcherPVR.app */,
				6E74159B2F315369001FE083 /* NexusPVRTests.xctest */,
				6E7415A52F315369001FE083 /* NexusPVRUITests.xctest */,
				6EA347F32F48EF9C00E0A324 /* NexusPVR TopShelf.appex */,
				6EA348072F48EFB600E0A324 /* DispatcherPVR TopShelf.appex */,
			);
			name = Products;
			sourceTree = "<group>";
		};
		6EA347F42F48EF9C00E0A324 /* Frameworks */ = {
			isa = PBXGroup;
			children = (
				6EA347F52F48EF9C00E0A324 /* TVServices.framework */,
			);
			name = Frameworks;
			sourceTree = "<group>";
		};
/* End PBXGroup section */

/* Begin PBXNativeTarget section */
		6E74158B2F315368001FE083 /* NexusPVR */ = {
			isa = PBXNativeTarget;
			buildConfigurationList = 6E7415AF2F315369001FE083 /* Build configuration list for PBXNativeTarget "NexusPVR" */;
			buildPhases = (
				6E7415882F315368001FE083 /* Sources */,
				6E7415892F315368001FE083 /* Frameworks */,
				6E74158A2F315368001FE083 /* Resources */,
				6EA348022F48EF9D00E0A324 /* Embed Foundation Extensions */,
			);
			buildRules = (
			);
			dependencies = (
				6EA347FC2F48EF9C00E0A324 /* PBXTargetDependency */,
			);
			fileSystemSynchronizedGroups = (
				6E74158E2F315368001FE083 /* NexusPVR */,
			);
			name = NexusPVR;
			packageProductDependencies = (
				6E9E3CEF2F31559900D2B8DF /* MPVKit */,
			);
			productName = NexusPVR;
			productReference = 6E74158C2F315368001FE083 /* NexusPVR.app */;
			productType = "com.apple.product-type.application";
		};
		6E74159A2F315369001FE083 /* NexusPVRTests */ = {
			isa = PBXNativeTarget;
			buildConfigurationList = 6E7415B22F315369001FE083 /* Build configuration list for PBXNativeTarget "NexusPVRTests" */;
			buildPhases = (
				6E7415972F315369001FE083 /* Sources */,
				6E7415982F315369001FE083 /* Frameworks */,
				6E7415992F315369001FE083 /* Resources */,
			);
			buildRules = (
			);
			dependencies = (
				6E74159D2F315369001FE083 /* PBXTargetDependency */,
			);
			fileSystemSynchronizedGroups = (
				6E74159E2F315369001FE083 /* NexusPVRTests */,
			);
			name = NexusPVRTests;
			packageProductDependencies = (
			);
			productName = NexusPVRTests;
			productReference = 6E74159B2F315369001FE083 /* NexusPVRTests.xctest */;
			productType = "com.apple.product-type.bundle.unit-test";
		};
		6E7415A42F315369001FE083 /* NexusPVRUITests */ = {
			isa = PBXNativeTarget;
			buildConfigurationList = 6E7415B52F315369001FE083 /* Build configuration list for PBXNativeTarget "NexusPVRUITests" */;
			buildPhases = (
				6E7415A12F315369001FE083 /* Sources */,
				6E7415A22F315369001FE083 /* Frameworks */,
				6E7415A32F315369001FE083 /* Resources */,
			);
			buildRules = (
			);
			dependencies = (
				6E7415A72F315369001FE083 /* PBXTargetDependency */,
			);
			fileSystemSynchronizedGroups = (
				6E7415A82F315369001FE083 /* NexusPVRUITests */,
			);
			name = NexusPVRUITests;
			packageProductDependencies = (
			);
			productName = NexusPVRUITests;
			productReference = 6E7415A52F315369001FE083 /* NexusPVRUITests.xctest */;
			productType = "com.apple.product-type.bundle.ui-testing";
		};
		6EA347F22F48EF9C00E0A324 /* NexusPVR TopShelf */ = {
			isa = PBXNativeTarget;
			buildConfigurationList = 6EA347FF2F48EF9D00E0A324 /* Build configuration list for PBXNativeTarget "NexusPVR TopShelf" */;
			buildPhases = (
				6EA347EF2F48EF9C00E0A324 /* Sources */,
				6EA347F02F48EF9C00E0A324 /* Frameworks */,
				6EA347F12F48EF9C00E0A324 /* Resources */,
			);
			buildRules = (
			);
			dependencies = (
			);
			fileSystemSynchronizedGroups = (
				6EA347F72F48EF9C00E0A324 /* NexusPVR TopShelf */,
			);
			name = "NexusPVR TopShelf";
			packageProductDependencies = (
			);
			productName = "NexusPVR TopShelf";
			productReference = 6EA347F32F48EF9C00E0A324 /* NexusPVR TopShelf.appex */;
			productType = "com.apple.product-type.app-extension";
		};
		6EA348062F48EFB600E0A324 /* DispatcherPVR TopShelf */ = {
			isa = PBXNativeTarget;
			buildConfigurationList = 6EA348102F48EFB600E0A324 /* Build configuration list for PBXNativeTarget "DispatcherPVR TopShelf" */;
			buildPhases = (
				6EA348032F48EFB600E0A324 /* Sources */,
				6EA348042F48EFB600E0A324 /* Frameworks */,
				6EA348052F48EFB600E0A324 /* Resources */,
			);
			buildRules = (
			);
			dependencies = (
			);
			fileSystemSynchronizedGroups = (
				6EA348092F48EFB600E0A324 /* DispatcherPVR TopShelf */,
			);
			name = "DispatcherPVR TopShelf";
			packageProductDependencies = (
			);
			productName = "DispatcherPVR TopShelf";
			productReference = 6EA348072F48EFB600E0A324 /* DispatcherPVR TopShelf.appex */;
			productType = "com.apple.product-type.app-extension";
		};
		D1AAAA062F31559900D2B8DF /* DispatcherPVR */ = {
			isa = PBXNativeTarget;
			buildConfigurationList = D1AAAA092F31559900D2B8DF /* Build configuration list for PBXNativeTarget "DispatcherPVR" */;
			buildPhases = (
				D1AAAA032F31559900D2B8DF /* Sources */,
				D1AAAA042F31559900D2B8DF /* Frameworks */,
				D1AAAA052F31559900D2B8DF /* Resources */,
				6EA348142F48EFB600E0A324 /* Embed Foundation Extensions */,
			);
			buildRules = (
			);
			dependencies = (
				6EA3480E2F48EFB600E0A324 /* PBXTargetDependency */,
			);
			fileSystemSynchronizedGroups = (
				6E74158E2F315368001FE083 /* NexusPVR */,
				D1AAAA022F31559900D2B8DF /* DispatcherPVR */,
			);
			name = DispatcherPVR;
			packageProductDependencies = (
				D1AAAA0B2F31559900D2B8DF /* MPVKit */,
			);
			productName = DispatcherPVR;
			productReference = D1AAAA012F31559900D2B8DF /* DispatcherPVR.app */;
			productType = "com.apple.product-type.application";
		};
/* End PBXNativeTarget section */

/* Begin PBXProject section */
		6E7415842F315368001FE083 /* Project object */ = {
			isa = PBXProject;
			attributes = {
				BuildIndependentTargetsInParallel = 1;
				LastSwiftUpdateCheck = 2620;
				LastUpgradeCheck = 2620;
				TargetAttributes = {
					6E74158B2F315368001FE083 = {
						CreatedOnToolsVersion = 26.2;
					};
					6E74159A2F315369001FE083 = {
						CreatedOnToolsVersion = 26.2;
						TestTargetID = 6E74158B2F315368001FE083;
					};
					6E7415A42F315369001FE083 = {
						CreatedOnToolsVersion = 26.2;
						TestTargetID = 6E74158B2F315368001FE083;
					};
					6EA347F22F48EF9C00E0A324 = {
						CreatedOnToolsVersion = 26.2;
					};
					6EA348062F48EFB600E0A324 = {
						CreatedOnToolsVersion = 26.2;
					};
					D1AAAA062F31559900D2B8DF = {
						CreatedOnToolsVersion = 26.2;
					};
				};
			};
			buildConfigurationList = 6E7415872F315368001FE083 /* Build configuration list for PBXProject "NexusPVR" */;
			developmentRegion = en;
			hasScannedForEncodings = 0;
			knownRegions = (
				en,
				Base,
			);
			mainGroup = 6E7415832F315368001FE083;
			minimizedProjectReferenceProxies = 1;
			packageReferences = (
				6E9E3CEE2F31559900D2B8DF /* XCRemoteSwiftPackageReference "MPVKit" */,
			);
			preferredProjectObjectVersion = 77;
			productRefGroup = 6E74158D2F315368001FE083 /* Products */;
			projectDirPath = "";
			projectRoot = "";
			targets = (
				6E74158B2F315368001FE083 /* NexusPVR */,
				D1AAAA062F31559900D2B8DF /* DispatcherPVR */,
				6E74159A2F315369001FE083 /* NexusPVRTests */,
				6E7415A42F315369001FE083 /* NexusPVRUITests */,
				6EA347F22F48EF9C00E0A324 /* NexusPVR TopShelf */,
				6EA348062F48EFB600E0A324 /* DispatcherPVR TopShelf */,
			);
		};
/* End PBXProject section */

/* Begin PBXResourcesBuildPhase section */
		6E74158A2F315368001FE083 /* Resources */ = {
			isa = PBXResourcesBuildPhase;
			buildActionMask = 2147483647;
			files = (
			);
			runOnlyForDeploymentPostprocessing = 0;
		};
		6E7415992F315369001FE083 /* Resources */ = {
			isa = PBXResourcesBuildPhase;
			buildActionMask = 2147483647;
			files = (
			);
			runOnlyForDeploymentPostprocessing = 0;
		};
		6E7415A32F315369001FE083 /* Resources */ = {
			isa = PBXResourcesBuildPhase;
			buildActionMask = 2147483647;
			files = (
			);
			runOnlyForDeploymentPostprocessing = 0;
		};
		6EA347F12F48EF9C00E0A324 /* Resources */ = {
			isa = PBXResourcesBuildPhase;
			buildActionMask = 2147483647;
			files = (
			);
			runOnlyForDeploymentPostprocessing = 0;
		};
		6EA348052F48EFB600E0A324 /* Resources */ = {
			isa = PBXResourcesBuildPhase;
			buildActionMask = 2147483647;
			files = (
			);
			runOnlyForDeploymentPostprocessing = 0;
		};
		D1AAAA052F31559900D2B8DF /* Resources */ = {
			isa = PBXResourcesBuildPhase;
			buildActionMask = 2147483647;
			files = (
			);
			runOnlyForDeploymentPostprocessing = 0;
		};
/* End PBXResourcesBuildPhase section */

/* Begin PBXSourcesBuildPhase section */
		6E7415882F315368001FE083 /* Sources */ = {
			isa = PBXSourcesBuildPhase;
			buildActionMask = 2147483647;
			files = (
			);
			runOnlyForDeploymentPostprocessing = 0;
		};
		6E7415972F315369001FE083 /* Sources */ = {
			isa = PBXSourcesBuildPhase;
			buildActionMask = 2147483647;
			files = (
			);
			runOnlyForDeploymentPostprocessing = 0;
		};
		6E7415A12F315369001FE083 /* Sources */ = {
			isa = PBXSourcesBuildPhase;
			buildActionMask = 2147483647;
			files = (
			);
			runOnlyForDeploymentPostprocessing = 0;
		};
		6EA347EF2F48EF9C00E0A324 /* Sources */ = {
			isa = PBXSourcesBuildPhase;
			buildActionMask = 2147483647;
			files = (
			);
			runOnlyForDeploymentPostprocessing = 0;
		};
		6EA348032F48EFB600E0A324 /* Sources */ = {
			isa = PBXSourcesBuildPhase;
			buildActionMask = 2147483647;
			files = (
			);
			runOnlyForDeploymentPostprocessing = 0;
		};
		D1AAAA032F31559900D2B8DF /* Sources */ = {
			isa = PBXSourcesBuildPhase;
			buildActionMask = 2147483647;
			files = (
			);
			runOnlyForDeploymentPostprocessing = 0;
		};
/* End PBXSourcesBuildPhase section */

/* Begin PBXTargetDependency section */
		6E74159D2F315369001FE083 /* PBXTargetDependency */ = {
			isa = PBXTargetDependency;
			target = 6E74158B2F315368001FE083 /* NexusPVR */;
			targetProxy = 6E74159C2F315369001FE083 /* PBXContainerItemProxy */;
		};
		6E7415A72F315369001FE083 /* PBXTargetDependency */ = {
			isa = PBXTargetDependency;
			target = 6E74158B2F315368001FE083 /* NexusPVR */;
			targetProxy = 6E7415A62F315369001FE083 /* PBXContainerItemProxy */;
		};
		6EA347FC2F48EF9C00E0A324 /* PBXTargetDependency */ = {
			isa = PBXTargetDependency;
			platformFilters = (
				tvos,
			);
			target = 6EA347F22F48EF9C00E0A324 /* NexusPVR TopShelf */;
			targetProxy = 6EA347FB2F48EF9C00E0A324 /* PBXContainerItemProxy */;
		};
		6EA3480E2F48EFB600E0A324 /* PBXTargetDependency */ = {
			isa = PBXTargetDependency;
			platformFilters = (
				tvos,
			);
			target = 6EA348062F48EFB600E0A324 /* DispatcherPVR TopShelf */;
			targetProxy = 6EA3480D2F48EFB600E0A324 /* PBXContainerItemProxy */;
		};
/* End PBXTargetDependency section */

/* Begin XCBuildConfiguration section */
		6E7415AD2F315369001FE083 /* Debug */ = {
			isa = XCBuildConfiguration;
			buildSettings = {
				ALWAYS_SEARCH_USER_PATHS = NO;
				ASSETCATALOG_COMPILER_GENERATE_SWIFT_ASSET_SYMBOL_EXTENSIONS = YES;
				CLANG_ANALYZER_NONNULL = YES;
				CLANG_ANALYZER_NUMBER_OBJECT_CONVERSION = YES_AGGRESSIVE;
				CLANG_CXX_LANGUAGE_STANDARD = "gnu++20";
				CLANG_ENABLE_MODULES = YES;
				CLANG_ENABLE_OBJC_ARC = YES;
				CLANG_ENABLE_OBJC_WEAK = YES;
				CLANG_WARN_BLOCK_CAPTURE_AUTORELEASING = YES;
				CLANG_WARN_BOOL_CONVERSION = YES;
				CLANG_WARN_COMMA = YES;
				CLANG_WARN_CONSTANT_CONVERSION = YES;
				CLANG_WARN_DEPRECATED_OBJC_IMPLEMENTATIONS = YES;
				CLANG_WARN_DIRECT_OBJC_ISA_USAGE = YES_ERROR;
				CLANG_WARN_DOCUMENTATION_COMMENTS = YES;
				CLANG_WARN_EMPTY_BODY = YES;
				CLANG_WARN_ENUM_CONVERSION = YES;
				CLANG_WARN_INFINITE_RECURSION = YES;
				CLANG_WARN_INT_CONVERSION = YES;
				CLANG_WARN_NON_LITERAL_NULL_CONVERSION = YES;
				CLANG_WARN_OBJC_IMPLICIT_RETAIN_SELF = YES;
				CLANG_WARN_OBJC_LITERAL_CONVERSION = YES;
				CLANG_WARN_OBJC_ROOT_CLASS = YES_ERROR;
				CLANG_WARN_QUOTED_INCLUDE_IN_FRAMEWORK_HEADER = YES;
				CLANG_WARN_RANGE_LOOP_ANALYSIS = YES;
				CLANG_WARN_STRICT_PROTOTYPES = YES;
				CLANG_WARN_SUSPICIOUS_MOVE = YES;
				CLANG_WARN_UNGUARDED_AVAILABILITY = YES_AGGRESSIVE;
				CLANG_WARN_UNREACHABLE_CODE = YES;
				CLANG_WARN__DUPLICATE_METHOD_MATCH = YES;
				COPY_PHASE_STRIP = NO;
				DEBUG_INFORMATION_FORMAT = dwarf;
				DEVELOPMENT_TEAM = 654X66AK24;
				ENABLE_STRICT_OBJC_MSGSEND = YES;
				ENABLE_TESTABILITY = YES;
				ENABLE_USER_SCRIPT_SANDBOXING = YES;
				GCC_C_LANGUAGE_STANDARD = gnu17;
				GCC_DYNAMIC_NO_PIC = NO;
				GCC_NO_COMMON_BLOCKS = YES;
				GCC_OPTIMIZATION_LEVEL = 0;
				GCC_PREPROCESSOR_DEFINITIONS = (
					"DEBUG=1",
					"$(inherited)",
				);
				GCC_WARN_64_TO_32_BIT_CONVERSION = YES;
				GCC_WARN_ABOUT_RETURN_TYPE = YES_ERROR;
				GCC_WARN_UNDECLARED_SELECTOR = YES;
				GCC_WARN_UNINITIALIZED_AUTOS = YES_AGGRESSIVE;
				GCC_WARN_UNUSED_FUNCTION = YES;
				GCC_WARN_UNUSED_VARIABLE = YES;
				LOCALIZATION_PREFERS_STRING_CATALOGS = YES;
				MTL_ENABLE_DEBUG_INFO = INCLUDE_SOURCE;
				MTL_FAST_MATH = YES;
				ONLY_ACTIVE_ARCH = YES;
				SWIFT_ACTIVE_COMPILATION_CONDITIONS = "DEBUG $(inherited)";
				SWIFT_OPTIMIZATION_LEVEL = "-Onone";
			};
			name = Debug;
		};
		6E7415AE2F315369001FE083 /* Release */ = {
			isa = XCBuildConfiguration;
			buildSettings = {
				ALWAYS_SEARCH_USER_PATHS = NO;
				ASSETCATALOG_COMPILER_GENERATE_SWIFT_ASSET_SYMBOL_EXTENSIONS = YES;
				CLANG_ANALYZER_NONNULL = YES;
				CLANG_ANALYZER_NUMBER_OBJECT_CONVERSION = YES_AGGRESSIVE;
				CLANG_CXX_LANGUAGE_STANDARD = "gnu++20";
				CLANG_ENABLE_MODULES = YES;
				CLANG_ENABLE_OBJC_ARC = YES;
				CLANG_ENABLE_OBJC_WEAK = YES;
				CLANG_WARN_BLOCK_CAPTURE_AUTORELEASING = YES;
				CLANG_WARN_BOOL_CONVERSION = YES;
				CLANG_WARN_COMMA = YES;
				CLANG_WARN_CONSTANT_CONVERSION = YES;
				CLANG_WARN_DEPRECATED_OBJC_IMPLEMENTATIONS = YES;
				CLANG_WARN_DIRECT_OBJC_ISA_USAGE = YES_ERROR;
				CLANG_WARN_DOCUMENTATION_COMMENTS = YES;
				CLANG_WARN_EMPTY_BODY = YES;
				CLANG_WARN_ENUM_CONVERSION = YES;
				CLANG_WARN_INFINITE_RECURSION = YES;
				CLANG_WARN_INT_CONVERSION = YES;
				CLANG_WARN_NON_LITERAL_NULL_CONVERSION = YES;
				CLANG_WARN_OBJC_IMPLICIT_RETAIN_SELF = YES;
				CLANG_WARN_OBJC_LITERAL_CONVERSION = YES;
				CLANG_WARN_OBJC_ROOT_CLASS = YES_ERROR;
				CLANG_WARN_QUOTED_INCLUDE_IN_FRAMEWORK_HEADER = YES;
				CLANG_WARN_RANGE_LOOP_ANALYSIS = YES;
				CLANG_WARN_STRICT_PROTOTYPES = YES;
				CLANG_WARN_SUSPICIOUS_MOVE = YES;
				CLANG_WARN_UNGUARDED_AVAILABILITY = YES_AGGRESSIVE;
				CLANG_WARN_UNREACHABLE_CODE = YES;
				CLANG_WARN__DUPLICATE_METHOD_MATCH = YES;
				COPY_PHASE_STRIP = NO;
				DEBUG_INFORMATION_FORMAT = "dwarf-with-dsym";
				DEVELOPMENT_TEAM = 654X66AK24;
				ENABLE_NS_ASSERTIONS = NO;
				ENABLE_STRICT_OBJC_MSGSEND = YES;
				ENABLE_USER_SCRIPT_SANDBOXING = YES;
				GCC_C_LANGUAGE_STANDARD = gnu17;
				GCC_NO_COMMON_BLOCKS = YES;
				GCC_WARN_64_TO_32_BIT_CONVERSION = YES;
				GCC_WARN_ABOUT_RETURN_TYPE = YES_ERROR;
				GCC_WARN_UNDECLARED_SELECTOR = YES;
				GCC_WARN_UNINITIALIZED_AUTOS = YES_AGGRESSIVE;
				GCC_WARN_UNUSED_FUNCTION = YES;
				GCC_WARN_UNUSED_VARIABLE = YES;
				LOCALIZATION_PREFERS_STRING_CATALOGS = YES;
				MTL_ENABLE_DEBUG_INFO = NO;
				MTL_FAST_MATH = YES;
				SWIFT_COMPILATION_MODE = wholemodule;
				VERSIONING_SYSTEM = "apple-generic";
			};
			name = Release;
		};
		6E7415B02F315369001FE083 /* Debug */ = {
			isa = XCBuildConfiguration;
			buildSettings = {
				ASSETCATALOG_COMPILER_APPICON_NAME = AppIcon;
				"ASSETCATALOG_COMPILER_APPICON_NAME[sdk=appletvos*]" = tv;
				"ASSETCATALOG_COMPILER_APPICON_NAME[sdk=appletvsimulator*]" = tv;
				ASSETCATALOG_COMPILER_GLOBAL_ACCENT_COLOR_NAME = AccentColor;
				ASSETCATALOG_COMPILER_INCLUDE_ALL_APPICON_ASSETS = YES;
				CODE_SIGN_ENTITLEMENTS = NexusPVR/NexusPVR.entitlements;
				CODE_SIGN_STYLE = Automatic;
				CURRENT_PROJECT_VERSION = 50;
				DEVELOPMENT_TEAM = 654X66AK24;
				ENABLE_APP_SANDBOX = YES;
				ENABLE_HARDENED_RUNTIME = YES;
				ENABLE_INCOMING_NETWORK_CONNECTIONS = NO;
				ENABLE_OUTGOING_NETWORK_CONNECTIONS = YES;
				ENABLE_PREVIEWS = YES;
				ENABLE_RESOURCE_ACCESS_AUDIO_INPUT = NO;
				ENABLE_RESOURCE_ACCESS_BLUETOOTH = NO;
				ENABLE_RESOURCE_ACCESS_CALENDARS = NO;
				ENABLE_RESOURCE_ACCESS_CAMERA = NO;
				ENABLE_RESOURCE_ACCESS_CONTACTS = NO;
				ENABLE_RESOURCE_ACCESS_LOCATION = NO;
				ENABLE_RESOURCE_ACCESS_PRINTING = NO;
				ENABLE_RESOURCE_ACCESS_USB = NO;
				ENABLE_USER_SELECTED_FILES = readonly;
				"EXCLUDED_SOURCE_FILE_NAMES[sdk=appletvos*]" = LaunchScreen.storyboard;
				"EXCLUDED_SOURCE_FILE_NAMES[sdk=appletvsimulator*]" = LaunchScreen.storyboard;
				"EXCLUDED_SOURCE_FILE_NAMES[sdk=macosx*]" = LaunchScreen.storyboard;
				GENERATE_INFOPLIST_FILE = YES;
				INFOPLIST_FILE = Info.plist;
				INFOPLIST_KEY_ITSAppUsesNonExemptEncryption = NO;
				INFOPLIST_KEY_LSApplicationCategoryType = "public.app-category.entertainment";
				INFOPLIST_KEY_NSLocalNetworkUsageDescription = "NexusPVR needs to connect to your local NextPVR server for streaming TV and managing recordings.";
				"INFOPLIST_KEY_NSLocalNetworkUsageDescription[sdk=iphoneos*]" = "NexusPVR needs to connect to your local NextPVR server for streaming TV and managing recordings.";
				"INFOPLIST_KEY_NSLocalNetworkUsageDescription[sdk=iphonesimulator*]" = "NexusPVR needs to connect to your local NextPVR server for streaming TV and managing recordings.";
				"INFOPLIST_KEY_NSLocalNetworkUsageDescription[sdk=macosx*]" = "NexusPVR needs to connect to your local NextPVR server for streaming TV and managing recordings.";
				"INFOPLIST_KEY_UIApplicationSceneManifest_Generation[sdk=iphoneos*]" = YES;
				"INFOPLIST_KEY_UIApplicationSceneManifest_Generation[sdk=iphonesimulator*]" = YES;
				"INFOPLIST_KEY_UIApplicationSupportsIndirectInputEvents[sdk=iphoneos*]" = YES;
				"INFOPLIST_KEY_UIApplicationSupportsIndirectInputEvents[sdk=iphonesimulator*]" = YES;
				"INFOPLIST_KEY_UILaunchStoryboardName[sdk=iphoneos*]" = LaunchScreen;
				"INFOPLIST_KEY_UILaunchStoryboardName[sdk=iphonesimulator*]" = LaunchScreen;
				"INFOPLIST_KEY_UIStatusBarStyle[sdk=iphoneos*]" = UIStatusBarStyleDefault;
				"INFOPLIST_KEY_UIStatusBarStyle[sdk=iphonesimulator*]" = UIStatusBarStyleDefault;
				INFOPLIST_KEY_UISupportedInterfaceOrientations_iPad = "UIInterfaceOrientationPortrait UIInterfaceOrientationPortraitUpsideDown UIInterfaceOrientationLandscapeLeft UIInterfaceOrientationLandscapeRight";
				INFOPLIST_KEY_UISupportedInterfaceOrientations_iPhone = "UIInterfaceOrientationPortrait UIInterfaceOrientationLandscapeLeft UIInterfaceOrientationLandscapeRight";
				IPHONEOS_DEPLOYMENT_TARGET = 26.2;
				LD_RUNPATH_SEARCH_PATHS = "@executable_path/Frameworks";
				"LD_RUNPATH_SEARCH_PATHS[sdk=macosx*]" = "@executable_path/../Frameworks";
				MACOSX_DEPLOYMENT_TARGET = 26.2;
				MARKETING_VERSION = 1.0;
				PRODUCT_BUNDLE_IDENTIFIER = "consultation-massawippi.NexusPVR";
				PRODUCT_NAME = "$(TARGET_NAME)";
				REGISTER_APP_GROUPS = YES;
				SDKROOT = auto;
				STRING_CATALOG_GENERATE_SYMBOLS = YES;
				SUPPORTED_PLATFORMS = "appletvos appletvsimulator iphoneos iphonesimulator macosx";
				SUPPORTS_MACCATALYST = NO;
				SWIFT_APPROACHABLE_CONCURRENCY = YES;
				SWIFT_DEFAULT_ACTOR_ISOLATION = MainActor;
				SWIFT_EMIT_LOC_STRINGS = YES;
				SWIFT_UPCOMING_FEATURE_MEMBER_IMPORT_VISIBILITY = YES;
				SWIFT_VERSION = 5.0;
				TARGETED_DEVICE_FAMILY = "1,2,3";
				TVOS_DEPLOYMENT_TARGET = 26.0;
				XROS_DEPLOYMENT_TARGET = 26.2;
			};
			name = Debug;
		};
		6E7415B12F315369001FE083 /* Release */ = {
			isa = XCBuildConfiguration;
			buildSettings = {
				ASSETCATALOG_COMPILER_APPICON_NAME = AppIcon;
				"ASSETCATALOG_COMPILER_APPICON_NAME[sdk=appletvos*]" = tv;
				"ASSETCATALOG_COMPILER_APPICON_NAME[sdk=appletvsimulator*]" = tv;
				ASSETCATALOG_COMPILER_GLOBAL_ACCENT_COLOR_NAME = AccentColor;
				ASSETCATALOG_COMPILER_INCLUDE_ALL_APPICON_ASSETS = YES;
				CODE_SIGN_ENTITLEMENTS = NexusPVR/NexusPVR.entitlements;
				CODE_SIGN_STYLE = Automatic;
				CURRENT_PROJECT_VERSION = 50;
				DEVELOPMENT_TEAM = 654X66AK24;
				ENABLE_APP_SANDBOX = YES;
				ENABLE_HARDENED_RUNTIME = YES;
				ENABLE_INCOMING_NETWORK_CONNECTIONS = NO;
				ENABLE_OUTGOING_NETWORK_CONNECTIONS = YES;
				ENABLE_PREVIEWS = YES;
				ENABLE_RESOURCE_ACCESS_AUDIO_INPUT = NO;
				ENABLE_RESOURCE_ACCESS_BLUETOOTH = NO;
				ENABLE_RESOURCE_ACCESS_CALENDARS = NO;
				ENABLE_RESOURCE_ACCESS_CAMERA = NO;
				ENABLE_RESOURCE_ACCESS_CONTACTS = NO;
				ENABLE_RESOURCE_ACCESS_LOCATION = NO;
				ENABLE_RESOURCE_ACCESS_PRINTING = NO;
				ENABLE_RESOURCE_ACCESS_USB = NO;
				ENABLE_USER_SELECTED_FILES = readonly;
				"EXCLUDED_SOURCE_FILE_NAMES[sdk=appletvos*]" = LaunchScreen.storyboard;
				"EXCLUDED_SOURCE_FILE_NAMES[sdk=appletvsimulator*]" = LaunchScreen.storyboard;
				"EXCLUDED_SOURCE_FILE_NAMES[sdk=macosx*]" = LaunchScreen.storyboard;
				GENERATE_INFOPLIST_FILE = YES;
				INFOPLIST_FILE = Info.plist;
				INFOPLIST_KEY_ITSAppUsesNonExemptEncryption = NO;
				INFOPLIST_KEY_LSApplicationCategoryType = "public.app-category.entertainment";
				INFOPLIST_KEY_NSLocalNetworkUsageDescription = "NexusPVR needs to connect to your local NextPVR server for streaming TV and managing recordings.";
				"INFOPLIST_KEY_NSLocalNetworkUsageDescription[sdk=iphoneos*]" = "NexusPVR needs to connect to your local NextPVR server for streaming TV and managing recordings.";
				"INFOPLIST_KEY_NSLocalNetworkUsageDescription[sdk=iphonesimulator*]" = "NexusPVR needs to connect to your local NextPVR server for streaming TV and managing recordings.";
				"INFOPLIST_KEY_NSLocalNetworkUsageDescription[sdk=macosx*]" = "NexusPVR needs to connect to your local NextPVR server for streaming TV and managing recordings.";
				"INFOPLIST_KEY_UIApplicationSceneManifest_Generation[sdk=iphoneos*]" = YES;
				"INFOPLIST_KEY_UIApplicationSceneManifest_Generation[sdk=iphonesimulator*]" = YES;
				"INFOPLIST_KEY_UIApplicationSupportsIndirectInputEvents[sdk=iphoneos*]" = YES;
				"INFOPLIST_KEY_UIApplicationSupportsIndirectInputEvents[sdk=iphonesimulator*]" = YES;
				"INFOPLIST_KEY_UILaunchStoryboardName[sdk=iphoneos*]" = LaunchScreen;
				"INFOPLIST_KEY_UILaunchStoryboardName[sdk=iphonesimulator*]" = LaunchScreen;
				"INFOPLIST_KEY_UIStatusBarStyle[sdk=iphoneos*]" = UIStatusBarStyleDefault;
				"INFOPLIST_KEY_UIStatusBarStyle[sdk=iphonesimulator*]" = UIStatusBarStyleDefault;
				INFOPLIST_KEY_UISupportedInterfaceOrientations_iPad = "UIInterfaceOrientationPortrait UIInterfaceOrientationPortraitUpsideDown UIInterfaceOrientationLandscapeLeft UIInterfaceOrientationLandscapeRight";
				INFOPLIST_KEY_UISupportedInterfaceOrientations_iPhone = "UIInterfaceOrientationPortrait UIInterfaceOrientationLandscapeLeft UIInterfaceOrientationLandscapeRight";
				IPHONEOS_DEPLOYMENT_TARGET = 26.2;
				LD_RUNPATH_SEARCH_PATHS = "@executable_path/Frameworks";
				"LD_RUNPATH_SEARCH_PATHS[sdk=macosx*]" = "@executable_path/../Frameworks";
				MACOSX_DEPLOYMENT_TARGET = 26.2;
				MARKETING_VERSION = 1.0;
				PRODUCT_BUNDLE_IDENTIFIER = "consultation-massawippi.NexusPVR";
				PRODUCT_NAME = "$(TARGET_NAME)";
				REGISTER_APP_GROUPS = YES;
				SDKROOT = auto;
				STRING_CATALOG_GENERATE_SYMBOLS = YES;
				SUPPORTED_PLATFORMS = "appletvos appletvsimulator iphoneos iphonesimulator macosx";
				SUPPORTS_MACCATALYST = NO;
				SWIFT_APPROACHABLE_CONCURRENCY = YES;
				SWIFT_DEFAULT_ACTOR_ISOLATION = MainActor;
				SWIFT_EMIT_LOC_STRINGS = YES;
				SWIFT_UPCOMING_FEATURE_MEMBER_IMPORT_VISIBILITY = YES;
				SWIFT_VERSION = 5.0;
				TARGETED_DEVICE_FAMILY = "1,2,3";
				TVOS_DEPLOYMENT_TARGET = 26.0;
				XROS_DEPLOYMENT_TARGET = 26.2;
			};
			name = Release;
		};
		6E7415B32F315369001FE083 /* Debug */ = {
			isa = XCBuildConfiguration;
			buildSettings = {
				BUNDLE_LOADER = "$(TEST_HOST)";
				CODE_SIGN_STYLE = Automatic;
				CURRENT_PROJECT_VERSION = 50;
				DEVELOPMENT_TEAM = 654X66AK24;
				GENERATE_INFOPLIST_FILE = YES;
				IPHONEOS_DEPLOYMENT_TARGET = 26.2;
				MACOSX_DEPLOYMENT_TARGET = 26.2;
				MARKETING_VERSION = 1.0;
				PRODUCT_BUNDLE_IDENTIFIER = "consultation-massawippi.NexusPVRTests";
				PRODUCT_NAME = "$(TARGET_NAME)";
				SDKROOT = auto;
				STRING_CATALOG_GENERATE_SYMBOLS = NO;
				SUPPORTED_PLATFORMS = "iphoneos iphonesimulator macosx xros xrsimulator";
				SWIFT_APPROACHABLE_CONCURRENCY = YES;
				SWIFT_EMIT_LOC_STRINGS = NO;
				SWIFT_UPCOMING_FEATURE_MEMBER_IMPORT_VISIBILITY = YES;
				SWIFT_VERSION = 5.0;
				TARGETED_DEVICE_FAMILY = "1,2,7";
				TEST_HOST = "$(BUILT_PRODUCTS_DIR)/NexusPVR.app/$(BUNDLE_EXECUTABLE_FOLDER_PATH)/NexusPVR";
				XROS_DEPLOYMENT_TARGET = 26.2;
			};
			name = Debug;
		};
		6E7415B42F315369001FE083 /* Release */ = {
			isa = XCBuildConfiguration;
			buildSettings = {
				BUNDLE_LOADER = "$(TEST_HOST)";
				CODE_SIGN_STYLE = Automatic;
				CURRENT_PROJECT_VERSION = 50;
				DEVELOPMENT_TEAM = 654X66AK24;
				GENERATE_INFOPLIST_FILE = YES;
				IPHONEOS_DEPLOYMENT_TARGET = 26.2;
				MACOSX_DEPLOYMENT_TARGET = 26.2;
				MARKETING_VERSION = 1.0;
				PRODUCT_BUNDLE_IDENTIFIER = "consultation-massawippi.NexusPVRTests";
				PRODUCT_NAME = "$(TARGET_NAME)";
				SDKROOT = auto;
				STRING_CATALOG_GENERATE_SYMBOLS = NO;
				SUPPORTED_PLATFORMS = "iphoneos iphonesimulator macosx xros xrsimulator";
				SWIFT_APPROACHABLE_CONCURRENCY = YES;
				SWIFT_EMIT_LOC_STRINGS = NO;
				SWIFT_UPCOMING_FEATURE_MEMBER_IMPORT_VISIBILITY = YES;
				SWIFT_VERSION = 5.0;
				TARGETED_DEVICE_FAMILY = "1,2,7";
				TEST_HOST = "$(BUILT_PRODUCTS_DIR)/NexusPVR.app/$(BUNDLE_EXECUTABLE_FOLDER_PATH)/NexusPVR";
				XROS_DEPLOYMENT_TARGET = 26.2;
			};
			name = Release;
		};
		6E7415B62F315369001FE083 /* Debug */ = {
			isa = XCBuildConfiguration;
			buildSettings = {
				CODE_SIGN_STYLE = Automatic;
				CURRENT_PROJECT_VERSION = 50;
				DEVELOPMENT_TEAM = 654X66AK24;
				GENERATE_INFOPLIST_FILE = YES;
				IPHONEOS_DEPLOYMENT_TARGET = 26.2;
				MACOSX_DEPLOYMENT_TARGET = 26.2;
				MARKETING_VERSION = 1.0;
				PRODUCT_BUNDLE_IDENTIFIER = "consultation-massawippi.NexusPVRUITests";
				PRODUCT_NAME = "$(TARGET_NAME)";
				SDKROOT = auto;
				STRING_CATALOG_GENERATE_SYMBOLS = NO;
				SUPPORTED_PLATFORMS = "appletvos appletvsimulator iphoneos iphonesimulator macosx xros xrsimulator";
				SWIFT_APPROACHABLE_CONCURRENCY = YES;
				SWIFT_EMIT_LOC_STRINGS = NO;
				SWIFT_UPCOMING_FEATURE_MEMBER_IMPORT_VISIBILITY = YES;
				SWIFT_VERSION = 5.0;
				TARGETED_DEVICE_FAMILY = "1,2,3,7";
				TEST_TARGET_NAME = NexusPVR;
				TVOS_DEPLOYMENT_TARGET = 26.2;
				XROS_DEPLOYMENT_TARGET = 26.2;
			};
			name = Debug;
		};
		6E7415B72F315369001FE083 /* Release */ = {
			isa = XCBuildConfiguration;
			buildSettings = {
				CODE_SIGN_STYLE = Automatic;
				CURRENT_PROJECT_VERSION = 50;
				DEVELOPMENT_TEAM = 654X66AK24;
				GENERATE_INFOPLIST_FILE = YES;
				IPHONEOS_DEPLOYMENT_TARGET = 26.2;
				MACOSX_DEPLOYMENT_TARGET = 26.2;
				MARKETING_VERSION = 1.0;
				PRODUCT_BUNDLE_IDENTIFIER = "consultation-massawippi.NexusPVRUITests";
				PRODUCT_NAME = "$(TARGET_NAME)";
				SDKROOT = auto;
				STRING_CATALOG_GENERATE_SYMBOLS = NO;
				SUPPORTED_PLATFORMS = "appletvos appletvsimulator iphoneos iphonesimulator macosx xros xrsimulator";
				SWIFT_APPROACHABLE_CONCURRENCY = YES;
				SWIFT_EMIT_LOC_STRINGS = NO;
				SWIFT_UPCOMING_FEATURE_MEMBER_IMPORT_VISIBILITY = YES;
				SWIFT_VERSION = 5.0;
				TARGETED_DEVICE_FAMILY = "1,2,3,7";
				TEST_TARGET_NAME = NexusPVR;
				TVOS_DEPLOYMENT_TARGET = 26.2;
				XROS_DEPLOYMENT_TARGET = 26.2;
			};
			name = Release;
		};
		6EA348002F48EF9D00E0A324 /* Debug */ = {
			isa = XCBuildConfiguration;
			buildSettings = {
				CODE_SIGN_ENTITLEMENTS = "NexusPVR TopShelf/NexusPVR TopShelf.entitlements";
				CODE_SIGN_STYLE = Automatic;
				CURRENT_PROJECT_VERSION = 50;
				DEVELOPMENT_TEAM = 654X66AK24;
				GENERATE_INFOPLIST_FILE = YES;
				INFOPLIST_FILE = "NexusPVR TopShelf/Info.plist";
				INFOPLIST_KEY_CFBundleDisplayName = "NexusPVR TopShelf";
				INFOPLIST_KEY_NSHumanReadableCopyright = "";
				LD_RUNPATH_SEARCH_PATHS = (
					"$(inherited)",
					"@executable_path/Frameworks",
					"@executable_path/../../Frameworks",
				);
				MARKETING_VERSION = 1.0;
				PRODUCT_BUNDLE_IDENTIFIER = "consultation-massawippi.NexusPVR.TopShelfExtension";
				PRODUCT_NAME = "$(TARGET_NAME)";
				SDKROOT = appletvos;
				SKIP_INSTALL = YES;
				STRING_CATALOG_GENERATE_SYMBOLS = YES;
				SUPPORTED_PLATFORMS = "appletvos appletvsimulator";
				SUPPORTS_MACCATALYST = NO;
				SWIFT_ACTIVE_COMPILATION_CONDITIONS = "DEBUG TOPSHELF_EXTENSION $(inherited)";
				SWIFT_APPROACHABLE_CONCURRENCY = YES;
				SWIFT_EMIT_LOC_STRINGS = YES;
				SWIFT_UPCOMING_FEATURE_MEMBER_IMPORT_VISIBILITY = YES;
				SWIFT_VERSION = 5.0;
				TARGETED_DEVICE_FAMILY = 3;
				TVOS_DEPLOYMENT_TARGET = 26.2;
			};
			name = Debug;
		};
		6EA348012F48EF9D00E0A324 /* Release */ = {
			isa = XCBuildConfiguration;
			buildSettings = {
				CODE_SIGN_ENTITLEMENTS = "NexusPVR TopShelf/NexusPVR TopShelf.entitlements";
				CODE_SIGN_STYLE = Automatic;
				CURRENT_PROJECT_VERSION = 50;
				DEVELOPMENT_TEAM = 654X66AK24;
				GENERATE_INFOPLIST_FILE = YES;
				INFOPLIST_FILE = "NexusPVR TopShelf/Info.plist";
				INFOPLIST_KEY_CFBundleDisplayName = "NexusPVR TopShelf";
				INFOPLIST_KEY_NSHumanReadableCopyright = "";
				LD_RUNPATH_SEARCH_PATHS = (
					"$(inherited)",
					"@executable_path/Frameworks",
					"@executable_path/../../Frameworks",
				);
				MARKETING_VERSION = 1.0;
				PRODUCT_BUNDLE_IDENTIFIER = "consultation-massawippi.NexusPVR.TopShelfExtension";
				PRODUCT_NAME = "$(TARGET_NAME)";
				SDKROOT = appletvos;
				SKIP_INSTALL = YES;
				STRING_CATALOG_GENERATE_SYMBOLS = YES;
				SUPPORTED_PLATFORMS = "appletvos appletvsimulator";
				SUPPORTS_MACCATALYST = NO;
				SWIFT_ACTIVE_COMPILATION_CONDITIONS = TOPSHELF_EXTENSION;
				SWIFT_APPROACHABLE_CONCURRENCY = YES;
				SWIFT_EMIT_LOC_STRINGS = YES;
				SWIFT_UPCOMING_FEATURE_MEMBER_IMPORT_VISIBILITY = YES;
				SWIFT_VERSION = 5.0;
				TARGETED_DEVICE_FAMILY = 3;
				TVOS_DEPLOYMENT_TARGET = 26.2;
				VALIDATE_PRODUCT = YES;
			};
			name = Release;
		};
		6EA348112F48EFB600E0A324 /* Debug */ = {
			isa = XCBuildConfiguration;
			buildSettings = {
				CODE_SIGN_ENTITLEMENTS = "DispatcherPVR TopShelf/DispatcherPVR TopShelf.entitlements";
				CODE_SIGN_STYLE = Automatic;
				CURRENT_PROJECT_VERSION = 50;
				DEVELOPMENT_TEAM = 654X66AK24;
				GENERATE_INFOPLIST_FILE = YES;
				INFOPLIST_FILE = "DispatcherPVR TopShelf/Info.plist";
				INFOPLIST_KEY_CFBundleDisplayName = "DispatcherPVR TopShelf";
				INFOPLIST_KEY_NSHumanReadableCopyright = "";
				LD_RUNPATH_SEARCH_PATHS = (
					"$(inherited)",
					"@executable_path/Frameworks",
					"@executable_path/../../Frameworks",
				);
				MARKETING_VERSION = 1.0;
				PRODUCT_BUNDLE_IDENTIFIER = "consultation-massawippi.DispatcherPVR.TopShelfExtension";
				PRODUCT_NAME = "$(TARGET_NAME)";
				SDKROOT = appletvos;
				SKIP_INSTALL = YES;
				STRING_CATALOG_GENERATE_SYMBOLS = YES;
				SUPPORTED_PLATFORMS = "appletvos appletvsimulator";
				SUPPORTS_MACCATALYST = NO;
				SWIFT_ACTIVE_COMPILATION_CONDITIONS = "DEBUG DISPATCHERPVR TOPSHELF_EXTENSION $(inherited)";
				SWIFT_APPROACHABLE_CONCURRENCY = YES;
				SWIFT_EMIT_LOC_STRINGS = YES;
				SWIFT_UPCOMING_FEATURE_MEMBER_IMPORT_VISIBILITY = YES;
				SWIFT_VERSION = 5.0;
				TARGETED_DEVICE_FAMILY = 3;
				TVOS_DEPLOYMENT_TARGET = 26.2;
			};
			name = Debug;
		};
		6EA348122F48EFB600E0A324 /* Release */ = {
			isa = XCBuildConfiguration;
			buildSettings = {
				CODE_SIGN_ENTITLEMENTS = "DispatcherPVR TopShelf/DispatcherPVR TopShelf.entitlements";
				CODE_SIGN_STYLE = Automatic;
				CURRENT_PROJECT_VERSION = 50;
				DEVELOPMENT_TEAM = 654X66AK24;
				GENERATE_INFOPLIST_FILE = YES;
				INFOPLIST_FILE = "DispatcherPVR TopShelf/Info.plist";
				INFOPLIST_KEY_CFBundleDisplayName = "DispatcherPVR TopShelf";
				INFOPLIST_KEY_NSHumanReadableCopyright = "";
				LD_RUNPATH_SEARCH_PATHS = (
					"$(inherited)",
					"@executable_path/Frameworks",
					"@executable_path/../../Frameworks",
				);
				MARKETING_VERSION = 1.0;
				PRODUCT_BUNDLE_IDENTIFIER = "consultation-massawippi.DispatcherPVR.TopShelfExtension";
				PRODUCT_NAME = "$(TARGET_NAME)";
				SDKROOT = appletvos;
				SKIP_INSTALL = YES;
				STRING_CATALOG_GENERATE_SYMBOLS = YES;
				SUPPORTED_PLATFORMS = "appletvos appletvsimulator";
				SUPPORTS_MACCATALYST = NO;
				SWIFT_ACTIVE_COMPILATION_CONDITIONS = "DISPATCHERPVR TOPSHELF_EXTENSION";
				SWIFT_APPROACHABLE_CONCURRENCY = YES;
				SWIFT_EMIT_LOC_STRINGS = YES;
				SWIFT_UPCOMING_FEATURE_MEMBER_IMPORT_VISIBILITY = YES;
				SWIFT_VERSION = 5.0;
				TARGETED_DEVICE_FAMILY = 3;
				TVOS_DEPLOYMENT_TARGET = 26.2;
				VALIDATE_PRODUCT = YES;
			};
			name = Release;
		};
		D1AAAA072F31559900D2B8DF /* Debug */ = {
			isa = XCBuildConfiguration;
			buildSettings = {
				ASSETCATALOG_COMPILER_APPICON_NAME = AppIcon;
				"ASSETCATALOG_COMPILER_APPICON_NAME[sdk=appletvos*]" = tv;
				"ASSETCATALOG_COMPILER_APPICON_NAME[sdk=appletvsimulator*]" = tv;
				ASSETCATALOG_COMPILER_GLOBAL_ACCENT_COLOR_NAME = AccentColor;
				ASSETCATALOG_COMPILER_INCLUDE_ALL_APPICON_ASSETS = YES;
				CODE_SIGN_ENTITLEMENTS = DispatcherPVR/DispatcherPVR.entitlements;
				CODE_SIGN_STYLE = Automatic;
				CURRENT_PROJECT_VERSION = 50;
				DEVELOPMENT_TEAM = 654X66AK24;
				ENABLE_APP_SANDBOX = YES;
				ENABLE_HARDENED_RUNTIME = YES;
				ENABLE_INCOMING_NETWORK_CONNECTIONS = NO;
				ENABLE_OUTGOING_NETWORK_CONNECTIONS = YES;
				ENABLE_PREVIEWS = YES;
				ENABLE_RESOURCE_ACCESS_AUDIO_INPUT = NO;
				ENABLE_RESOURCE_ACCESS_BLUETOOTH = NO;
				ENABLE_RESOURCE_ACCESS_CALENDARS = NO;
				ENABLE_RESOURCE_ACCESS_CAMERA = NO;
				ENABLE_RESOURCE_ACCESS_CONTACTS = NO;
				ENABLE_RESOURCE_ACCESS_LOCATION = NO;
				ENABLE_RESOURCE_ACCESS_PRINTING = NO;
				ENABLE_RESOURCE_ACCESS_USB = NO;
				ENABLE_USER_SELECTED_FILES = readonly;
				"EXCLUDED_SOURCE_FILE_NAMES[sdk=appletvos*]" = LaunchScreen.storyboard;
				"EXCLUDED_SOURCE_FILE_NAMES[sdk=appletvsimulator*]" = LaunchScreen.storyboard;
				"EXCLUDED_SOURCE_FILE_NAMES[sdk=macosx*]" = LaunchScreen.storyboard;
				GENERATE_INFOPLIST_FILE = YES;
				INFOPLIST_FILE = Info.plist;
				INFOPLIST_KEY_ITSAppUsesNonExemptEncryption = NO;
				INFOPLIST_KEY_LSApplicationCategoryType = "public.app-category.entertainment";
				INFOPLIST_KEY_NSLocalNetworkUsageDescription = "DispatcherPVR needs to connect to your local Dispatcharr server for streaming TV and managing recordings.";
				"INFOPLIST_KEY_NSLocalNetworkUsageDescription[sdk=iphoneos*]" = "DispatcherPVR needs to connect to your local Dispatcharr server for streaming TV and managing recordings.";
				"INFOPLIST_KEY_NSLocalNetworkUsageDescription[sdk=iphonesimulator*]" = "DispatcherPVR needs to connect to your local Dispatcharr server for streaming TV and managing recordings.";
				"INFOPLIST_KEY_NSLocalNetworkUsageDescription[sdk=macosx*]" = "DispatcherPVR needs to connect to your local Dispatcharr server for streaming TV and managing recordings.";
				"INFOPLIST_KEY_UIApplicationSceneManifest_Generation[sdk=iphoneos*]" = YES;
				"INFOPLIST_KEY_UIApplicationSceneManifest_Generation[sdk=iphonesimulator*]" = YES;
				"INFOPLIST_KEY_UIApplicationSupportsIndirectInputEvents[sdk=iphoneos*]" = YES;
				"INFOPLIST_KEY_UIApplicationSupportsIndirectInputEvents[sdk=iphonesimulator*]" = YES;
				"INFOPLIST_KEY_UILaunchStoryboardName[sdk=iphoneos*]" = LaunchScreen;
				"INFOPLIST_KEY_UILaunchStoryboardName[sdk=iphonesimulator*]" = LaunchScreen;
				"INFOPLIST_KEY_UIStatusBarStyle[sdk=iphoneos*]" = UIStatusBarStyleDefault;
				"INFOPLIST_KEY_UIStatusBarStyle[sdk=iphonesimulator*]" = UIStatusBarStyleDefault;
				INFOPLIST_KEY_UISupportedInterfaceOrientations_iPad = "UIInterfaceOrientationPortrait UIInterfaceOrientationPortraitUpsideDown UIInterfaceOrientationLandscapeLeft UIInterfaceOrientationLandscapeRight";
				INFOPLIST_KEY_UISupportedInterfaceOrientations_iPhone = "UIInterfaceOrientationPortrait UIInterfaceOrientationLandscapeLeft UIInterfaceOrientationLandscapeRight";
				IPHONEOS_DEPLOYMENT_TARGET = 26.2;
				LD_RUNPATH_SEARCH_PATHS = "@executable_path/Frameworks";
				"LD_RUNPATH_SEARCH_PATHS[sdk=macosx*]" = "@executable_path/../Frameworks";
				MACOSX_DEPLOYMENT_TARGET = 26.2;
				MARKETING_VERSION = 1.0;
				PRODUCT_BUNDLE_IDENTIFIER = "consultation-massawippi.DispatcherPVR";
				PRODUCT_NAME = "$(TARGET_NAME)";
				REGISTER_APP_GROUPS = YES;
				SDKROOT = auto;
				STRING_CATALOG_GENERATE_SYMBOLS = YES;
				SUPPORTED_PLATFORMS = "appletvos appletvsimulator iphoneos iphonesimulator macosx";
				SUPPORTS_MACCATALYST = NO;
				SWIFT_ACTIVE_COMPILATION_CONDITIONS = "DEBUG DISPATCHERPVR $(inherited)";
				SWIFT_APPROACHABLE_CONCURRENCY = YES;
				SWIFT_DEFAULT_ACTOR_ISOLATION = MainActor;
				SWIFT_EMIT_LOC_STRINGS = YES;
				SWIFT_UPCOMING_FEATURE_MEMBER_IMPORT_VISIBILITY = YES;
				SWIFT_VERSION = 5.0;
				TARGETED_DEVICE_FAMILY = "1,2,3";
				TVOS_DEPLOYMENT_TARGET = 26.0;
				XROS_DEPLOYMENT_TARGET = 26.2;
			};
			name = Debug;
		};
		D1AAAA082F31559900D2B8DF /* Release */ = {
			isa = XCBuildConfiguration;
			buildSettings = {
				ASSETCATALOG_COMPILER_APPICON_NAME = AppIcon;
				"ASSETCATALOG_COMPILER_APPICON_NAME[sdk=appletvos*]" = tv;
				"ASSETCATALOG_COMPILER_APPICON_NAME[sdk=appletvsimulator*]" = tv;
				ASSETCATALOG_COMPILER_GLOBAL_ACCENT_COLOR_NAME = AccentColor;
				ASSETCATALOG_COMPILER_INCLUDE_ALL_APPICON_ASSETS = YES;
				CODE_SIGN_ENTITLEMENTS = DispatcherPVR/DispatcherPVR.entitlements;
				CODE_SIGN_STYLE = Automatic;
				CURRENT_PROJECT_VERSION = 50;
				DEVELOPMENT_TEAM = 654X66AK24;
				ENABLE_APP_SANDBOX = YES;
				ENABLE_HARDENED_RUNTIME = YES;
				ENABLE_INCOMING_NETWORK_CONNECTIONS = NO;
				ENABLE_OUTGOING_NETWORK_CONNECTIONS = YES;
				ENABLE_PREVIEWS = YES;
				ENABLE_RESOURCE_ACCESS_AUDIO_INPUT = NO;
				ENABLE_RESOURCE_ACCESS_BLUETOOTH = NO;
				ENABLE_RESOURCE_ACCESS_CALENDARS = NO;
				ENABLE_RESOURCE_ACCESS_CAMERA = NO;
				ENABLE_RESOURCE_ACCESS_CONTACTS = NO;
				ENABLE_RESOURCE_ACCESS_LOCATION = NO;
				ENABLE_RESOURCE_ACCESS_PRINTING = NO;
				ENABLE_RESOURCE_ACCESS_USB = NO;
				ENABLE_USER_SELECTED_FILES = readonly;
				"EXCLUDED_SOURCE_FILE_NAMES[sdk=appletvos*]" = LaunchScreen.storyboard;
				"EXCLUDED_SOURCE_FILE_NAMES[sdk=appletvsimulator*]" = LaunchScreen.storyboard;
				"EXCLUDED_SOURCE_FILE_NAMES[sdk=macosx*]" = LaunchScreen.storyboard;
				GENERATE_INFOPLIST_FILE = YES;
				INFOPLIST_FILE = Info.plist;
				INFOPLIST_KEY_ITSAppUsesNonExemptEncryption = NO;
				INFOPLIST_KEY_LSApplicationCategoryType = "public.app-category.entertainment";
				INFOPLIST_KEY_NSLocalNetworkUsageDescription = "DispatcherPVR needs to connect to your local Dispatcharr server for streaming TV and managing recordings.";
				"INFOPLIST_KEY_NSLocalNetworkUsageDescription[sdk=iphoneos*]" = "DispatcherPVR needs to connect to your local Dispatcharr server for streaming TV and managing recordings.";
				"INFOPLIST_KEY_NSLocalNetworkUsageDescription[sdk=iphonesimulator*]" = "DispatcherPVR needs to connect to your local Dispatcharr server for streaming TV and managing recordings.";
				"INFOPLIST_KEY_NSLocalNetworkUsageDescription[sdk=macosx*]" = "DispatcherPVR needs to connect to your local Dispatcharr server for streaming TV and managing recordings.";
				"INFOPLIST_KEY_UIApplicationSceneManifest_Generation[sdk=iphoneos*]" = YES;
				"INFOPLIST_KEY_UIApplicationSceneManifest_Generation[sdk=iphonesimulator*]" = YES;
				"INFOPLIST_KEY_UIApplicationSupportsIndirectInputEvents[sdk=iphoneos*]" = YES;
				"INFOPLIST_KEY_UIApplicationSupportsIndirectInputEvents[sdk=iphonesimulator*]" = YES;
				"INFOPLIST_KEY_UILaunchStoryboardName[sdk=iphoneos*]" = LaunchScreen;
				"INFOPLIST_KEY_UILaunchStoryboardName[sdk=iphonesimulator*]" = LaunchScreen;
				"INFOPLIST_KEY_UIStatusBarStyle[sdk=iphoneos*]" = UIStatusBarStyleDefault;
				"INFOPLIST_KEY_UIStatusBarStyle[sdk=iphonesimulator*]" = UIStatusBarStyleDefault;
				INFOPLIST_KEY_UISupportedInterfaceOrientations_iPad = "UIInterfaceOrientationPortrait UIInterfaceOrientationPortraitUpsideDown UIInterfaceOrientationLandscapeLeft UIInterfaceOrientationLandscapeRight";
				INFOPLIST_KEY_UISupportedInterfaceOrientations_iPhone = "UIInterfaceOrientationPortrait UIInterfaceOrientationLandscapeLeft UIInterfaceOrientationLandscapeRight";
				IPHONEOS_DEPLOYMENT_TARGET = 26.2;
				LD_RUNPATH_SEARCH_PATHS = "@executable_path/Frameworks";
				"LD_RUNPATH_SEARCH_PATHS[sdk=macosx*]" = "@executable_path/../Frameworks";
				MACOSX_DEPLOYMENT_TARGET = 26.2;
				MARKETING_VERSION = 1.0;
				PRODUCT_BUNDLE_IDENTIFIER = "consultation-massawippi.DispatcherPVR";
				PRODUCT_NAME = "$(TARGET_NAME)";
				REGISTER_APP_GROUPS = YES;
				SDKROOT = auto;
				STRING_CATALOG_GENERATE_SYMBOLS = YES;
				SUPPORTED_PLATFORMS = "appletvos appletvsimulator iphoneos iphonesimulator macosx";
				SUPPORTS_MACCATALYST = NO;
				SWIFT_ACTIVE_COMPILATION_CONDITIONS = "DISPATCHERPVR $(inherited)";
				SWIFT_APPROACHABLE_CONCURRENCY = YES;
				SWIFT_COMPILATION_MODE = wholemodule;
				SWIFT_DEFAULT_ACTOR_ISOLATION = MainActor;
				SWIFT_EMIT_LOC_STRINGS = YES;
				SWIFT_UPCOMING_FEATURE_MEMBER_IMPORT_VISIBILITY = YES;
				SWIFT_VERSION = 5.0;
				TARGETED_DEVICE_FAMILY = "1,2,3";
				TVOS_DEPLOYMENT_TARGET = 26.0;
				XROS_DEPLOYMENT_TARGET = 26.2;
			};
			name = Release;
		};
/* End XCBuildConfiguration section */

/* Begin XCConfigurationList section */
		6E7415872F315368001FE083 /* Build configuration list for PBXProject "NexusPVR" */ = {
			isa = XCConfigurationList;
			buildConfigurations = (
				6E7415AD2F315369001FE083 /* Debug */,
				6E7415AE2F315369001FE083 /* Release */,
			);
			defaultConfigurationIsVisible = 0;
			defaultConfigurationName = Release;
		};
		6E7415AF2F315369001FE083 /* Build configuration list for PBXNativeTarget "NexusPVR" */ = {
			isa = XCConfigurationList;
			buildConfigurations = (
				6E7415B02F315369001FE083 /* Debug */,
				6E7415B12F315369001FE083 /* Release */,
			);
			defaultConfigurationIsVisible = 0;
			defaultConfigurationName = Release;
		};
		6E7415B22F315369001FE083 /* Build configuration list for PBXNativeTarget "NexusPVRTests" */ = {
			isa = XCConfigurationList;
			buildConfigurations = (
				6E7415B32F315369001FE083 /* Debug */,
				6E7415B42F315369001FE083 /* Release */,
			);
			defaultConfigurationIsVisible = 0;
			defaultConfigurationName = Release;
		};
		6E7415B52F315369001FE083 /* Build configuration list for PBXNativeTarget "NexusPVRUITests" */ = {
			isa = XCConfigurationList;
			buildConfigurations = (
				6E7415B62F315369001FE083 /* Debug */,
				6E7415B72F315369001FE083 /* Release */,
			);
			defaultConfigurationIsVisible = 0;
			defaultConfigurationName = Release;
		};
		6EA347FF2F48EF9D00E0A324 /* Build configuration list for PBXNativeTarget "NexusPVR TopShelf" */ = {
			isa = XCConfigurationList;
			buildConfigurations = (
				6EA348002F48EF9D00E0A324 /* Debug */,
				6EA348012F48EF9D00E0A324 /* Release */,
			);
			defaultConfigurationIsVisible = 0;
			defaultConfigurationName = Release;
		};
		6EA348102F48EFB600E0A324 /* Build configuration list for PBXNativeTarget "DispatcherPVR TopShelf" */ = {
			isa = XCConfigurationList;
			buildConfigurations = (
				6EA348112F48EFB600E0A324 /* Debug */,
				6EA348122F48EFB600E0A324 /* Release */,
			);
			defaultConfigurationIsVisible = 0;
			defaultConfigurationName = Release;
		};
		D1AAAA092F31559900D2B8DF /* Build configuration list for PBXNativeTarget "DispatcherPVR" */ = {
			isa = XCConfigurationList;
			buildConfigurations = (
				D1AAAA072F31559900D2B8DF /* Debug */,
				D1AAAA082F31559900D2B8DF /* Release */,
			);
			defaultConfigurationIsVisible = 0;
			defaultConfigurationName = Release;
		};
/* End XCConfigurationList section */

/* Begin XCRemoteSwiftPackageReference section */
		6E9E3CEE2F31559900D2B8DF /* XCRemoteSwiftPackageReference "MPVKit" */ = {
			isa = XCRemoteSwiftPackageReference;
			repositoryURL = "https://github.com/mpvkit/MPVKit";
			requirement = {
				kind = upToNextMajorVersion;
				minimumVersion = 0.41.0;
			};
		};
/* End XCRemoteSwiftPackageReference section */

/* Begin XCSwiftPackageProductDependency section */
		6E9E3CEF2F31559900D2B8DF /* MPVKit */ = {
			isa = XCSwiftPackageProductDependency;
			package = 6E9E3CEE2F31559900D2B8DF /* XCRemoteSwiftPackageReference "MPVKit" */;
			productName = MPVKit;
		};
		D1AAAA0B2F31559900D2B8DF /* MPVKit */ = {
			isa = XCSwiftPackageProductDependency;
			package = 6E9E3CEE2F31559900D2B8DF /* XCRemoteSwiftPackageReference "MPVKit" */;
			productName = MPVKit;
		};
/* End XCSwiftPackageProductDependency section */
	};
	rootObject = 6E7415842F315368001FE083 /* Project object */;
}
